// !$*UTF8*$!
{
	archiveVersion = 1;
	classes = {
	};
	objectVersion = 55;
	objects = {

/* Begin PBXBuildFile section */
		50232A1A27D55038006A657E /* Post.swift in Sources */ = {isa = PBXBuildFile; fileRef = 50232A1927D55038006A657E /* Post.swift */; };
		50232A1C27D56382006A657E /* ProfileTableHeaderView.swift in Sources */ = {isa = PBXBuildFile; fileRef = 50232A1B27D56382006A657E /* ProfileTableHeaderView.swift */; };
		50232A1E27D5718D006A657E /* PostTableViewCell.swift in Sources */ = {isa = PBXBuildFile; fileRef = 50232A1D27D5718D006A657E /* PostTableViewCell.swift */; };
		5086D29927CC553900EBB547 /* LogInViewController.swift in Sources */ = {isa = PBXBuildFile; fileRef = 5086D29827CC553900EBB547 /* LogInViewController.swift */; };
		50A2FF9727BAE50D006A437C /* AppDelegate.swift in Sources */ = {isa = PBXBuildFile; fileRef = 50A2FF9627BAE50D006A437C /* AppDelegate.swift */; };
		50A2FFA027BAE513006A437C /* Assets.xcassets in Resources */ = {isa = PBXBuildFile; fileRef = 50A2FF9F27BAE513006A437C /* Assets.xcassets */; };
		50A2FFA327BAE513006A437C /* LaunchScreen.storyboard in Resources */ = {isa = PBXBuildFile; fileRef = 50A2FFA127BAE513006A437C /* LaunchScreen.storyboard */; };
		50A2FFAB27BB0E9B006A437C /* FeedViewController.swift in Sources */ = {isa = PBXBuildFile; fileRef = 50A2FFAA27BB0E9B006A437C /* FeedViewController.swift */; };
		50A2FFAD27BB0F10006A437C /* ProfileViewController.swift in Sources */ = {isa = PBXBuildFile; fileRef = 50A2FFAC27BB0F10006A437C /* ProfileViewController.swift */; };
		50A2FFAF27BB1001006A437C /* PostViewController.swift in Sources */ = {isa = PBXBuildFile; fileRef = 50A2FFAE27BB1001006A437C /* PostViewController.swift */; };
		50A2FFB127BB21E9006A437C /* InfoViewController.swift in Sources */ = {isa = PBXBuildFile; fileRef = 50A2FFB027BB21E9006A437C /* InfoViewController.swift */; };
		50A2FFB327C018A0006A437C /* TabBar.swift in Sources */ = {isa = PBXBuildFile; fileRef = 50A2FFB227C018A0006A437C /* TabBar.swift */; };
		50A2FFB627C02BA2006A437C /* ProfileHeaderView.swift in Sources */ = {isa = PBXBuildFile; fileRef = 50A2FFB527C02BA2006A437C /* ProfileHeaderView.swift */; };
		50A2FFB827C03942006A437C /* View.xib in Resources */ = {isa = PBXBuildFile; fileRef = 50A2FFB727C03942006A437C /* View.xib */; };
		50CC0E3427E3D2C300DA13CE /* PhotoTableViewCell.swift in Sources */ = {isa = PBXBuildFile; fileRef = 50CC0E3327E3D2C300DA13CE /* PhotoTableViewCell.swift */; };
		50CC0E3627E3D45700DA13CE /* ArrayOfPhotos.swift in Sources */ = {isa = PBXBuildFile; fileRef = 50CC0E3527E3D45600DA13CE /* ArrayOfPhotos.swift */; };
		50CC0E7327E4008D00DA13CE /* prikolnye_fotografii_kotov_141_foto_68.jpg in Resources */ = {isa = PBXBuildFile; fileRef = 50CC0E5F27E4008B00DA13CE /* prikolnye_fotografii_kotov_141_foto_68.jpg */; };
		50CC0E7427E4008D00DA13CE /* prikolnye_fotografii_kotov_141_foto_10.jpg in Resources */ = {isa = PBXBuildFile; fileRef = 50CC0E6027E4008B00DA13CE /* prikolnye_fotografii_kotov_141_foto_10.jpg */; };
		50CC0E7527E4008D00DA13CE /* prikolnye_fotografii_kotov_141_foto_59.jpg in Resources */ = {isa = PBXBuildFile; fileRef = 50CC0E6127E4008B00DA13CE /* prikolnye_fotografii_kotov_141_foto_59.jpg */; };
		50CC0E7627E4008D00DA13CE /* prikolnye_fotografii_kotov_141_foto_33.jpg in Resources */ = {isa = PBXBuildFile; fileRef = 50CC0E6227E4008C00DA13CE /* prikolnye_fotografii_kotov_141_foto_33.jpg */; };
		50CC0E7727E4008D00DA13CE /* prikolnye_fotografii_kotov_141_foto_7.jpg in Resources */ = {isa = PBXBuildFile; fileRef = 50CC0E6327E4008C00DA13CE /* prikolnye_fotografii_kotov_141_foto_7.jpg */; };
		50CC0E7827E4008D00DA13CE /* prikolnye_fotografii_kotov_141_foto_44.jpg in Resources */ = {isa = PBXBuildFile; fileRef = 50CC0E6427E4008C00DA13CE /* prikolnye_fotografii_kotov_141_foto_44.jpg */; };
		50CC0E7927E4008D00DA13CE /* prikolnye_fotografii_kotov_141_foto_24.jpg in Resources */ = {isa = PBXBuildFile; fileRef = 50CC0E6527E4008C00DA13CE /* prikolnye_fotografii_kotov_141_foto_24.jpg */; };
		50CC0E7A27E4008D00DA13CE /* prikolnye_fotografii_kotov_141_foto_35.jpg in Resources */ = {isa = PBXBuildFile; fileRef = 50CC0E6627E4008C00DA13CE /* prikolnye_fotografii_kotov_141_foto_35.jpg */; };
		50CC0E7B27E4008D00DA13CE /* prikolnye_fotografii_kotov_141_foto_41.jpg in Resources */ = {isa = PBXBuildFile; fileRef = 50CC0E6727E4008C00DA13CE /* prikolnye_fotografii_kotov_141_foto_41.jpg */; };
		50CC0E7C27E4008D00DA13CE /* prikolnye_fotografii_kotov_141_foto_26.jpg in Resources */ = {isa = PBXBuildFile; fileRef = 50CC0E6827E4008C00DA13CE /* prikolnye_fotografii_kotov_141_foto_26.jpg */; };
		50CC0E7D27E4008D00DA13CE /* prikolnye_fotografii_kotov_141_foto_47.jpg in Resources */ = {isa = PBXBuildFile; fileRef = 50CC0E6927E4008C00DA13CE /* prikolnye_fotografii_kotov_141_foto_47.jpg */; };
		50CC0E7E27E4008D00DA13CE /* prikolnye_fotografii_kotov_141_foto_25.jpg in Resources */ = {isa = PBXBuildFile; fileRef = 50CC0E6A27E4008C00DA13CE /* prikolnye_fotografii_kotov_141_foto_25.jpg */; };
		50CC0E7F27E4008D00DA13CE /* prikolnye_fotografii_kotov_141_foto_55.jpg in Resources */ = {isa = PBXBuildFile; fileRef = 50CC0E6B27E4008D00DA13CE /* prikolnye_fotografii_kotov_141_foto_55.jpg */; };
		50CC0E8027E4008D00DA13CE /* prikolnye_fotografii_kotov_141_foto_63.jpg in Resources */ = {isa = PBXBuildFile; fileRef = 50CC0E6C27E4008D00DA13CE /* prikolnye_fotografii_kotov_141_foto_63.jpg */; };
		50CC0E8127E4008D00DA13CE /* prikolnye_fotografii_kotov_141_foto_29.jpg in Resources */ = {isa = PBXBuildFile; fileRef = 50CC0E6D27E4008D00DA13CE /* prikolnye_fotografii_kotov_141_foto_29.jpg */; };
		50CC0E8227E4008D00DA13CE /* prikolnye_fotografii_kotov_141_foto_42.jpg in Resources */ = {isa = PBXBuildFile; fileRef = 50CC0E6E27E4008D00DA13CE /* prikolnye_fotografii_kotov_141_foto_42.jpg */; };
		50CC0E8327E4008D00DA13CE /* prikolnye_fotografii_kotov_141_foto_13.jpg in Resources */ = {isa = PBXBuildFile; fileRef = 50CC0E6F27E4008D00DA13CE /* prikolnye_fotografii_kotov_141_foto_13.jpg */; };
		50CC0E8427E4008D00DA13CE /* prikolnye_fotografii_kotov_141_foto_39.jpg in Resources */ = {isa = PBXBuildFile; fileRef = 50CC0E7027E4008D00DA13CE /* prikolnye_fotografii_kotov_141_foto_39.jpg */; };
		50CC0E8527E4008D00DA13CE /* prikolnye_fotografii_kotov_141_foto_16.jpg in Resources */ = {isa = PBXBuildFile; fileRef = 50CC0E7127E4008D00DA13CE /* prikolnye_fotografii_kotov_141_foto_16.jpg */; };
		50CC0E8627E4008D00DA13CE /* prikolnye_fotografii_kotov_141_foto_15.jpg in Resources */ = {isa = PBXBuildFile; fileRef = 50CC0E7227E4008D00DA13CE /* prikolnye_fotografii_kotov_141_foto_15.jpg */; };
		50CC0E8927E4071600DA13CE /* PhotosViewController.swift in Sources */ = {isa = PBXBuildFile; fileRef = 50CC0E8827E4071600DA13CE /* PhotosViewController.swift */; };
		50CC0E8D27E6429800DA13CE /* MyCollectionViewCell.swift in Sources */ = {isa = PBXBuildFile; fileRef = 50CC0E8C27E6429800DA13CE /* MyCollectionViewCell.swift */; };
		50CC0EAF27ECDD4E00DA13CE /* GestureViewController.swift in Sources */ = {isa = PBXBuildFile; fileRef = 50CC0EAE27ECDD4E00DA13CE /* GestureViewController.swift */; };
		50CC0EB127F0D0C200DA13CE /* DetailDescriptionViewController.swift in Sources */ = {isa = PBXBuildFile; fileRef = 50CC0EB027F0D0C200DA13CE /* DetailDescriptionViewController.swift */; };
/* End PBXBuildFile section */

/* Begin PBXFileReference section */
		50232A1927D55038006A657E /* Post.swift */ = {isa = PBXFileReference; lastKnownFileType = sourcecode.swift; path = Post.swift; sourceTree = "<group>"; };
		50232A1B27D56382006A657E /* ProfileTableHeaderView.swift */ = {isa = PBXFileReference; lastKnownFileType = sourcecode.swift; path = ProfileTableHeaderView.swift; sourceTree = "<group>"; };
		50232A1D27D5718D006A657E /* PostTableViewCell.swift */ = {isa = PBXFileReference; lastKnownFileType = sourcecode.swift; path = PostTableViewCell.swift; sourceTree = "<group>"; };
		5086D29827CC553900EBB547 /* LogInViewController.swift */ = {isa = PBXFileReference; lastKnownFileType = sourcecode.swift; path = LogInViewController.swift; sourceTree = "<group>"; };
		50A2FF9327BAE50D006A437C /* Navigation1.3.app */ = {isa = PBXFileReference; explicitFileType = wrapper.application; includeInIndex = 0; path = Navigation1.3.app; sourceTree = BUILT_PRODUCTS_DIR; };
		50A2FF9627BAE50D006A437C /* AppDelegate.swift */ = {isa = PBXFileReference; lastKnownFileType = sourcecode.swift; path = AppDelegate.swift; sourceTree = "<group>"; };
		50A2FF9F27BAE513006A437C /* Assets.xcassets */ = {isa = PBXFileReference; lastKnownFileType = folder.assetcatalog; path = Assets.xcassets; sourceTree = "<group>"; };
		50A2FFA227BAE513006A437C /* Base */ = {isa = PBXFileReference; lastKnownFileType = file.storyboard; name = Base; path = Base.lproj/LaunchScreen.storyboard; sourceTree = "<group>"; };
		50A2FFA427BAE513006A437C /* Info.plist */ = {isa = PBXFileReference; lastKnownFileType = text.plist.xml; path = Info.plist; sourceTree = "<group>"; };
		50A2FFAA27BB0E9B006A437C /* FeedViewController.swift */ = {isa = PBXFileReference; lastKnownFileType = sourcecode.swift; path = FeedViewController.swift; sourceTree = "<group>"; };
		50A2FFAC27BB0F10006A437C /* ProfileViewController.swift */ = {isa = PBXFileReference; lastKnownFileType = sourcecode.swift; path = ProfileViewController.swift; sourceTree = "<group>"; };
		50A2FFAE27BB1001006A437C /* PostViewController.swift */ = {isa = PBXFileReference; lastKnownFileType = sourcecode.swift; path = PostViewController.swift; sourceTree = "<group>"; };
		50A2FFB027BB21E9006A437C /* InfoViewController.swift */ = {isa = PBXFileReference; lastKnownFileType = sourcecode.swift; path = InfoViewController.swift; sourceTree = "<group>"; };
		50A2FFB227C018A0006A437C /* TabBar.swift */ = {isa = PBXFileReference; lastKnownFileType = sourcecode.swift; path = TabBar.swift; sourceTree = "<group>"; };
		50A2FFB527C02BA2006A437C /* ProfileHeaderView.swift */ = {isa = PBXFileReference; lastKnownFileType = sourcecode.swift; path = ProfileHeaderView.swift; sourceTree = "<group>"; };
		50A2FFB727C03942006A437C /* View.xib */ = {isa = PBXFileReference; lastKnownFileType = file.xib; path = View.xib; sourceTree = "<group>"; };
		50CC0E3327E3D2C300DA13CE /* PhotoTableViewCell.swift */ = {isa = PBXFileReference; lastKnownFileType = sourcecode.swift; path = PhotoTableViewCell.swift; sourceTree = "<group>"; };
		50CC0E3527E3D45600DA13CE /* ArrayOfPhotos.swift */ = {isa = PBXFileReference; lastKnownFileType = sourcecode.swift; path = ArrayOfPhotos.swift; sourceTree = "<group>"; };
		50CC0E5F27E4008B00DA13CE /* prikolnye_fotografii_kotov_141_foto_68.jpg */ = {isa = PBXFileReference; lastKnownFileType = image.jpeg; path = prikolnye_fotografii_kotov_141_foto_68.jpg; sourceTree = "<group>"; };
		50CC0E6027E4008B00DA13CE /* prikolnye_fotografii_kotov_141_foto_10.jpg */ = {isa = PBXFileReference; lastKnownFileType = image.jpeg; path = prikolnye_fotografii_kotov_141_foto_10.jpg; sourceTree = "<group>"; };
		50CC0E6127E4008B00DA13CE /* prikolnye_fotografii_kotov_141_foto_59.jpg */ = {isa = PBXFileReference; lastKnownFileType = image.jpeg; path = prikolnye_fotografii_kotov_141_foto_59.jpg; sourceTree = "<group>"; };
		50CC0E6227E4008C00DA13CE /* prikolnye_fotografii_kotov_141_foto_33.jpg */ = {isa = PBXFileReference; lastKnownFileType = image.jpeg; path = prikolnye_fotografii_kotov_141_foto_33.jpg; sourceTree = "<group>"; };
		50CC0E6327E4008C00DA13CE /* prikolnye_fotografii_kotov_141_foto_7.jpg */ = {isa = PBXFileReference; lastKnownFileType = image.jpeg; path = prikolnye_fotografii_kotov_141_foto_7.jpg; sourceTree = "<group>"; };
		50CC0E6427E4008C00DA13CE /* prikolnye_fotografii_kotov_141_foto_44.jpg */ = {isa = PBXFileReference; lastKnownFileType = image.jpeg; path = prikolnye_fotografii_kotov_141_foto_44.jpg; sourceTree = "<group>"; };
		50CC0E6527E4008C00DA13CE /* prikolnye_fotografii_kotov_141_foto_24.jpg */ = {isa = PBXFileReference; lastKnownFileType = image.jpeg; path = prikolnye_fotografii_kotov_141_foto_24.jpg; sourceTree = "<group>"; };
		50CC0E6627E4008C00DA13CE /* prikolnye_fotografii_kotov_141_foto_35.jpg */ = {isa = PBXFileReference; lastKnownFileType = image.jpeg; path = prikolnye_fotografii_kotov_141_foto_35.jpg; sourceTree = "<group>"; };
		50CC0E6727E4008C00DA13CE /* prikolnye_fotografii_kotov_141_foto_41.jpg */ = {isa = PBXFileReference; lastKnownFileType = image.jpeg; path = prikolnye_fotografii_kotov_141_foto_41.jpg; sourceTree = "<group>"; };
		50CC0E6827E4008C00DA13CE /* prikolnye_fotografii_kotov_141_foto_26.jpg */ = {isa = PBXFileReference; lastKnownFileType = image.jpeg; path = prikolnye_fotografii_kotov_141_foto_26.jpg; sourceTree = "<group>"; };
		50CC0E6927E4008C00DA13CE /* prikolnye_fotografii_kotov_141_foto_47.jpg */ = {isa = PBXFileReference; lastKnownFileType = image.jpeg; path = prikolnye_fotografii_kotov_141_foto_47.jpg; sourceTree = "<group>"; };
		50CC0E6A27E4008C00DA13CE /* prikolnye_fotografii_kotov_141_foto_25.jpg */ = {isa = PBXFileReference; lastKnownFileType = image.jpeg; path = prikolnye_fotografii_kotov_141_foto_25.jpg; sourceTree = "<group>"; };
		50CC0E6B27E4008D00DA13CE /* prikolnye_fotografii_kotov_141_foto_55.jpg */ = {isa = PBXFileReference; lastKnownFileType = image.jpeg; path = prikolnye_fotografii_kotov_141_foto_55.jpg; sourceTree = "<group>"; };
		50CC0E6C27E4008D00DA13CE /* prikolnye_fotografii_kotov_141_foto_63.jpg */ = {isa = PBXFileReference; lastKnownFileType = image.jpeg; path = prikolnye_fotografii_kotov_141_foto_63.jpg; sourceTree = "<group>"; };
		50CC0E6D27E4008D00DA13CE /* prikolnye_fotografii_kotov_141_foto_29.jpg */ = {isa = PBXFileReference; lastKnownFileType = image.jpeg; path = prikolnye_fotografii_kotov_141_foto_29.jpg; sourceTree = "<group>"; };
		50CC0E6E27E4008D00DA13CE /* prikolnye_fotografii_kotov_141_foto_42.jpg */ = {isa = PBXFileReference; lastKnownFileType = image.jpeg; path = prikolnye_fotografii_kotov_141_foto_42.jpg; sourceTree = "<group>"; };
		50CC0E6F27E4008D00DA13CE /* prikolnye_fotografii_kotov_141_foto_13.jpg */ = {isa = PBXFileReference; lastKnownFileType = image.jpeg; path = prikolnye_fotografii_kotov_141_foto_13.jpg; sourceTree = "<group>"; };
		50CC0E7027E4008D00DA13CE /* prikolnye_fotografii_kotov_141_foto_39.jpg */ = {isa = PBXFileReference; lastKnownFileType = image.jpeg; path = prikolnye_fotografii_kotov_141_foto_39.jpg; sourceTree = "<group>"; };
		50CC0E7127E4008D00DA13CE /* prikolnye_fotografii_kotov_141_foto_16.jpg */ = {isa = PBXFileReference; lastKnownFileType = image.jpeg; path = prikolnye_fotografii_kotov_141_foto_16.jpg; sourceTree = "<group>"; };
		50CC0E7227E4008D00DA13CE /* prikolnye_fotografii_kotov_141_foto_15.jpg */ = {isa = PBXFileReference; lastKnownFileType = image.jpeg; path = prikolnye_fotografii_kotov_141_foto_15.jpg; sourceTree = "<group>"; };
		50CC0E8827E4071600DA13CE /* PhotosViewController.swift */ = {isa = PBXFileReference; lastKnownFileType = sourcecode.swift; path = PhotosViewController.swift; sourceTree = "<group>"; };
		50CC0E8C27E6429800DA13CE /* MyCollectionViewCell.swift */ = {isa = PBXFileReference; lastKnownFileType = sourcecode.swift; path = MyCollectionViewCell.swift; sourceTree = "<group>"; };
		50CC0EAE27ECDD4E00DA13CE /* GestureViewController.swift */ = {isa = PBXFileReference; lastKnownFileType = sourcecode.swift; path = GestureViewController.swift; sourceTree = "<group>"; };
		50CC0EB027F0D0C200DA13CE /* DetailDescriptionViewController.swift */ = {isa = PBXFileReference; lastKnownFileType = sourcecode.swift; path = DetailDescriptionViewController.swift; sourceTree = "<group>"; };
/* End PBXFileReference section */

/* Begin PBXFrameworksBuildPhase section */
		50A2FF9027BAE50D006A437C /* Frameworks */ = {
			isa = PBXFrameworksBuildPhase;
			buildActionMask = 2147483647;
			files = (
			);
			runOnlyForDeploymentPostprocessing = 0;
		};
/* End PBXFrameworksBuildPhase section */

/* Begin PBXGroup section */
		50A2FF8A27BAE50D006A437C = {
			isa = PBXGroup;
			children = (
				50A2FF9527BAE50D006A437C /* Navigation1.3 */,
				50A2FF9427BAE50D006A437C /* Products */,
			);
			sourceTree = "<group>";
		};
		50A2FF9427BAE50D006A437C /* Products */ = {
			isa = PBXGroup;
			children = (
				50A2FF9327BAE50D006A437C /* Navigation1.3.app */,
			);
			name = Products;
			sourceTree = "<group>";
		};
		50A2FF9527BAE50D006A437C /* Navigation1.3 */ = {
			isa = PBXGroup;
			children = (
				50CC0E8727E400A300DA13CE /* Photos */,
				50A2FF9627BAE50D006A437C /* AppDelegate.swift */,
				50A2FFB227C018A0006A437C /* TabBar.swift */,
				50A2FFAE27BB1001006A437C /* PostViewController.swift */,
				50A2FFB027BB21E9006A437C /* InfoViewController.swift */,
				5086D29827CC553900EBB547 /* LogInViewController.swift */,
				50A2FFAA27BB0E9B006A437C /* FeedViewController.swift */,
				50A2FF9F27BAE513006A437C /* Assets.xcassets */,
				50A2FFAC27BB0F10006A437C /* ProfileViewController.swift */,
				50CC0EAE27ECDD4E00DA13CE /* GestureViewController.swift */,
				50CC0E8827E4071600DA13CE /* PhotosViewController.swift */,
				50CC0E8C27E6429800DA13CE /* MyCollectionViewCell.swift */,
				50CC0EB027F0D0C200DA13CE /* DetailDescriptionViewController.swift */,
				50232A1D27D5718D006A657E /* PostTableViewCell.swift */,
				50CC0E3327E3D2C300DA13CE /* PhotoTableViewCell.swift */,
				50232A1B27D56382006A657E /* ProfileTableHeaderView.swift */,
				50232A1927D55038006A657E /* Post.swift */,
				50A2FFB727C03942006A437C /* View.xib */,
				50CC0E3527E3D45600DA13CE /* ArrayOfPhotos.swift */,
				50A2FFB527C02BA2006A437C /* ProfileHeaderView.swift */,
				50A2FFA127BAE513006A437C /* LaunchScreen.storyboard */,
				50A2FFA427BAE513006A437C /* Info.plist */,
			);
			path = Navigation1.3;
			sourceTree = "<group>";
		};
		50CC0E8727E400A300DA13CE /* Photos */ = {
			isa = PBXGroup;
			children = (
				50CC0E6327E4008C00DA13CE /* prikolnye_fotografii_kotov_141_foto_7.jpg */,
				50CC0E6027E4008B00DA13CE /* prikolnye_fotografii_kotov_141_foto_10.jpg */,
				50CC0E6F27E4008D00DA13CE /* prikolnye_fotografii_kotov_141_foto_13.jpg */,
				50CC0E7227E4008D00DA13CE /* prikolnye_fotografii_kotov_141_foto_15.jpg */,
				50CC0E7127E4008D00DA13CE /* prikolnye_fotografii_kotov_141_foto_16.jpg */,
				50CC0E6527E4008C00DA13CE /* prikolnye_fotografii_kotov_141_foto_24.jpg */,
				50CC0E6A27E4008C00DA13CE /* prikolnye_fotografii_kotov_141_foto_25.jpg */,
				50CC0E6827E4008C00DA13CE /* prikolnye_fotografii_kotov_141_foto_26.jpg */,
				50CC0E6D27E4008D00DA13CE /* prikolnye_fotografii_kotov_141_foto_29.jpg */,
				50CC0E6227E4008C00DA13CE /* prikolnye_fotografii_kotov_141_foto_33.jpg */,
				50CC0E6627E4008C00DA13CE /* prikolnye_fotografii_kotov_141_foto_35.jpg */,
				50CC0E7027E4008D00DA13CE /* prikolnye_fotografii_kotov_141_foto_39.jpg */,
				50CC0E6727E4008C00DA13CE /* prikolnye_fotografii_kotov_141_foto_41.jpg */,
				50CC0E6E27E4008D00DA13CE /* prikolnye_fotografii_kotov_141_foto_42.jpg */,
				50CC0E6427E4008C00DA13CE /* prikolnye_fotografii_kotov_141_foto_44.jpg */,
				50CC0E6927E4008C00DA13CE /* prikolnye_fotografii_kotov_141_foto_47.jpg */,
				50CC0E6B27E4008D00DA13CE /* prikolnye_fotografii_kotov_141_foto_55.jpg */,
				50CC0E6127E4008B00DA13CE /* prikolnye_fotografii_kotov_141_foto_59.jpg */,
				50CC0E6C27E4008D00DA13CE /* prikolnye_fotografii_kotov_141_foto_63.jpg */,
				50CC0E5F27E4008B00DA13CE /* prikolnye_fotografii_kotov_141_foto_68.jpg */,
			);
			path = Photos;
			sourceTree = "<group>";
		};
/* End PBXGroup section */

/* Begin PBXNativeTarget section */
		50A2FF9227BAE50D006A437C /* Navigation1.3 */ = {
			isa = PBXNativeTarget;
			buildConfigurationList = 50A2FFA727BAE513006A437C /* Build configuration list for PBXNativeTarget "Navigation1.3" */;
			buildPhases = (
				50A2FF8F27BAE50D006A437C /* Sources */,
				50A2FF9027BAE50D006A437C /* Frameworks */,
				50A2FF9127BAE50D006A437C /* Resources */,
			);
			buildRules = (
			);
			dependencies = (
			);
			name = Navigation1.3;
			productName = Navigation1.3;
			productReference = 50A2FF9327BAE50D006A437C /* Navigation1.3.app */;
			productType = "com.apple.product-type.application";
		};
/* End PBXNativeTarget section */

/* Begin PBXProject section */
		50A2FF8B27BAE50D006A437C /* Project object */ = {
			isa = PBXProject;
			attributes = {
				BuildIndependentTargetsInParallel = 1;
				LastSwiftUpdateCheck = 1320;
				LastUpgradeCheck = 1320;
				TargetAttributes = {
					50A2FF9227BAE50D006A437C = {
						CreatedOnToolsVersion = 13.2.1;
					};
				};
			};
			buildConfigurationList = 50A2FF8E27BAE50D006A437C /* Build configuration list for PBXProject "Navigation1.3" */;
			compatibilityVersion = "Xcode 13.0";
			developmentRegion = en;
			hasScannedForEncodings = 0;
			knownRegions = (
				en,
				Base,
			);
			mainGroup = 50A2FF8A27BAE50D006A437C;
			productRefGroup = 50A2FF9427BAE50D006A437C /* Products */;
			projectDirPath = "";
			projectRoot = "";
			targets = (
				50A2FF9227BAE50D006A437C /* Navigation1.3 */,
			);
		};
/* End PBXProject section */

/* Begin PBXResourcesBuildPhase section */
		50A2FF9127BAE50D006A437C /* Resources */ = {
			isa = PBXResourcesBuildPhase;
			buildActionMask = 2147483647;
			files = (
				50CC0E8327E4008D00DA13CE /* prikolnye_fotografii_kotov_141_foto_13.jpg in Resources */,
				50CC0E7E27E4008D00DA13CE /* prikolnye_fotografii_kotov_141_foto_25.jpg in Resources */,
				50CC0E7927E4008D00DA13CE /* prikolnye_fotografii_kotov_141_foto_24.jpg in Resources */,
				50CC0E7427E4008D00DA13CE /* prikolnye_fotografii_kotov_141_foto_10.jpg in Resources */,
				50A2FFA327BAE513006A437C /* LaunchScreen.storyboard in Resources */,
				50CC0E8627E4008D00DA13CE /* prikolnye_fotografii_kotov_141_foto_15.jpg in Resources */,
				50CC0E7D27E4008D00DA13CE /* prikolnye_fotografii_kotov_141_foto_47.jpg in Resources */,
				50CC0E8427E4008D00DA13CE /* prikolnye_fotografii_kotov_141_foto_39.jpg in Resources */,
				50CC0E8127E4008D00DA13CE /* prikolnye_fotografii_kotov_141_foto_29.jpg in Resources */,
				50CC0E7727E4008D00DA13CE /* prikolnye_fotografii_kotov_141_foto_7.jpg in Resources */,
				50CC0E7F27E4008D00DA13CE /* prikolnye_fotografii_kotov_141_foto_55.jpg in Resources */,
				50CC0E7827E4008D00DA13CE /* prikolnye_fotografii_kotov_141_foto_44.jpg in Resources */,
				50CC0E7527E4008D00DA13CE /* prikolnye_fotografii_kotov_141_foto_59.jpg in Resources */,
				50CC0E8027E4008D00DA13CE /* prikolnye_fotografii_kotov_141_foto_63.jpg in Resources */,
				50CC0E7A27E4008D00DA13CE /* prikolnye_fotografii_kotov_141_foto_35.jpg in Resources */,
				50CC0E7C27E4008D00DA13CE /* prikolnye_fotografii_kotov_141_foto_26.jpg in Resources */,
				50A2FFB827C03942006A437C /* View.xib in Resources */,
				50CC0E8227E4008D00DA13CE /* prikolnye_fotografii_kotov_141_foto_42.jpg in Resources */,
				50CC0E7327E4008D00DA13CE /* prikolnye_fotografii_kotov_141_foto_68.jpg in Resources */,
				50CC0E7B27E4008D00DA13CE /* prikolnye_fotografii_kotov_141_foto_41.jpg in Resources */,
				50CC0E8527E4008D00DA13CE /* prikolnye_fotografii_kotov_141_foto_16.jpg in Resources */,
				50CC0E7627E4008D00DA13CE /* prikolnye_fotografii_kotov_141_foto_33.jpg in Resources */,
				50A2FFA027BAE513006A437C /* Assets.xcassets in Resources */,
			);
			runOnlyForDeploymentPostprocessing = 0;
		};
/* End PBXResourcesBuildPhase section */

/* Begin PBXSourcesBuildPhase section */
		50A2FF8F27BAE50D006A437C /* Sources */ = {
			isa = PBXSourcesBuildPhase;
			buildActionMask = 2147483647;
			files = (
				50A2FFAF27BB1001006A437C /* PostViewController.swift in Sources */,
				50A2FFB627C02BA2006A437C /* ProfileHeaderView.swift in Sources */,
				50CC0E8D27E6429800DA13CE /* MyCollectionViewCell.swift in Sources */,
				5086D29927CC553900EBB547 /* LogInViewController.swift in Sources */,
				50CC0EAF27ECDD4E00DA13CE /* GestureViewController.swift in Sources */,
				50CC0E3627E3D45700DA13CE /* ArrayOfPhotos.swift in Sources */,
				50A2FF9727BAE50D006A437C /* AppDelegate.swift in Sources */,
				50A2FFB127BB21E9006A437C /* InfoViewController.swift in Sources */,
				50232A1A27D55038006A657E /* Post.swift in Sources */,
				50A2FFAD27BB0F10006A437C /* ProfileViewController.swift in Sources */,
				50A2FFAB27BB0E9B006A437C /* FeedViewController.swift in Sources */,
				50CC0E8927E4071600DA13CE /* PhotosViewController.swift in Sources */,
				50232A1C27D56382006A657E /* ProfileTableHeaderView.swift in Sources */,
				50CC0EB127F0D0C200DA13CE /* DetailDescriptionViewController.swift in Sources */,
				50CC0E3427E3D2C300DA13CE /* PhotoTableViewCell.swift in Sources */,
				50A2FFB327C018A0006A437C /* TabBar.swift in Sources */,
				50232A1E27D5718D006A657E /* PostTableViewCell.swift in Sources */,
			);
			runOnlyForDeploymentPostprocessing = 0;
		};
/* End PBXSourcesBuildPhase section */

/* Begin PBXVariantGroup section */
		50A2FFA127BAE513006A437C /* LaunchScreen.storyboard */ = {
			isa = PBXVariantGroup;
			children = (
				50A2FFA227BAE513006A437C /* Base */,
			);
			name = LaunchScreen.storyboard;
			sourceTree = "<group>";
		};
/* End PBXVariantGroup section */

/* Begin XCBuildConfiguration section */
		50A2FFA527BAE513006A437C /* Debug */ = {
			isa = XCBuildConfiguration;
			buildSettings = {
				ALWAYS_SEARCH_USER_PATHS = NO;
				CLANG_ANALYZER_NONNULL = YES;
				CLANG_ANALYZER_NUMBER_OBJECT_CONVERSION = YES_AGGRESSIVE;
				CLANG_CXX_LANGUAGE_STANDARD = "gnu++17";
				CLANG_CXX_LIBRARY = "libc++";
				CLANG_ENABLE_MODULES = YES;
				CLANG_ENABLE_OBJC_ARC = YES;
				CLANG_ENABLE_OBJC_WEAK = YES;
				CLANG_WARN_BLOCK_CAPTURE_AUTORELEASING = YES;
				CLANG_WARN_BOOL_CONVERSION = YES;
				CLANG_WARN_COMMA = YES;
				CLANG_WARN_CONSTANT_CONVERSION = YES;
				CLANG_WARN_DEPRECATED_OBJC_IMPLEMENTATIONS = YES;
				CLANG_WARN_DIRECT_OBJC_ISA_USAGE = YES_ERROR;
				CLANG_WARN_DOCUMENTATION_COMMENTS = YES;
				CLANG_WARN_EMPTY_BODY = YES;
				CLANG_WARN_ENUM_CONVERSION = YES;
				CLANG_WARN_INFINITE_RECURSION = YES;
				CLANG_WARN_INT_CONVERSION = YES;
				CLANG_WARN_NON_LITERAL_NULL_CONVERSION = YES;
				CLANG_WARN_OBJC_IMPLICIT_RETAIN_SELF = YES;
				CLANG_WARN_OBJC_LITERAL_CONVERSION = YES;
				CLANG_WARN_OBJC_ROOT_CLASS = YES_ERROR;
				CLANG_WARN_QUOTED_INCLUDE_IN_FRAMEWORK_HEADER = YES;
				CLANG_WARN_RANGE_LOOP_ANALYSIS = YES;
				CLANG_WARN_STRICT_PROTOTYPES = YES;
				CLANG_WARN_SUSPICIOUS_MOVE = YES;
				CLANG_WARN_UNGUARDED_AVAILABILITY = YES_AGGRESSIVE;
				CLANG_WARN_UNREACHABLE_CODE = YES;
				CLANG_WARN__DUPLICATE_METHOD_MATCH = YES;
				COPY_PHASE_STRIP = NO;
				DEBUG_INFORMATION_FORMAT = dwarf;
				ENABLE_STRICT_OBJC_MSGSEND = YES;
				ENABLE_TESTABILITY = YES;
				GCC_C_LANGUAGE_STANDARD = gnu11;
				GCC_DYNAMIC_NO_PIC = NO;
				GCC_NO_COMMON_BLOCKS = YES;
				GCC_OPTIMIZATION_LEVEL = 0;
				GCC_PREPROCESSOR_DEFINITIONS = (
					"DEBUG=1",
					"$(inherited)",
				);
				GCC_WARN_64_TO_32_BIT_CONVERSION = YES;
				GCC_WARN_ABOUT_RETURN_TYPE = YES_ERROR;
				GCC_WARN_UNDECLARED_SELECTOR = YES;
				GCC_WARN_UNINITIALIZED_AUTOS = YES_AGGRESSIVE;
				GCC_WARN_UNUSED_FUNCTION = YES;
				GCC_WARN_UNUSED_VARIABLE = YES;
				IPHONEOS_DEPLOYMENT_TARGET = 12.0;
				MTL_ENABLE_DEBUG_INFO = INCLUDE_SOURCE;
				MTL_FAST_MATH = YES;
				ONLY_ACTIVE_ARCH = YES;
				SDKROOT = iphoneos;
				SWIFT_ACTIVE_COMPILATION_CONDITIONS = DEBUG;
				SWIFT_OPTIMIZATION_LEVEL = "-Onone";
			};
			name = Debug;
		};
		50A2FFA627BAE513006A437C /* Release */ = {
			isa = XCBuildConfiguration;
			buildSettings = {
				ALWAYS_SEARCH_USER_PATHS = NO;
				CLANG_ANALYZER_NONNULL = YES;
				CLANG_ANALYZER_NUMBER_OBJECT_CONVERSION = YES_AGGRESSIVE;
				CLANG_CXX_LANGUAGE_STANDARD = "gnu++17";
				CLANG_CXX_LIBRARY = "libc++";
				CLANG_ENABLE_MODULES = YES;
				CLANG_ENABLE_OBJC_ARC = YES;
				CLANG_ENABLE_OBJC_WEAK = YES;
				CLANG_WARN_BLOCK_CAPTURE_AUTORELEASING = YES;
				CLANG_WARN_BOOL_CONVERSION = YES;
				CLANG_WARN_COMMA = YES;
				CLANG_WARN_CONSTANT_CONVERSION = YES;
				CLANG_WARN_DEPRECATED_OBJC_IMPLEMENTATIONS = YES;
				CLANG_WARN_DIRECT_OBJC_ISA_USAGE = YES_ERROR;
				CLANG_WARN_DOCUMENTATION_COMMENTS = YES;
				CLANG_WARN_EMPTY_BODY = YES;
				CLANG_WARN_ENUM_CONVERSION = YES;
				CLANG_WARN_INFINITE_RECURSION = YES;
				CLANG_WARN_INT_CONVERSION = YES;
				CLANG_WARN_NON_LITERAL_NULL_CONVERSION = YES;
				CLANG_WARN_OBJC_IMPLICIT_RETAIN_SELF = YES;
				CLANG_WARN_OBJC_LITERAL_CONVERSION = YES;
				CLANG_WARN_OBJC_ROOT_CLASS = YES_ERROR;
				CLANG_WARN_QUOTED_INCLUDE_IN_FRAMEWORK_HEADER = YES;
				CLANG_WARN_RANGE_LOOP_ANALYSIS = YES;
				CLANG_WARN_STRICT_PROTOTYPES = YES;
				CLANG_WARN_SUSPICIOUS_MOVE = YES;
				CLANG_WARN_UNGUARDED_AVAILABILITY = YES_AGGRESSIVE;
				CLANG_WARN_UNREACHABLE_CODE = YES;
				CLANG_WARN__DUPLICATE_METHOD_MATCH = YES;
				COPY_PHASE_STRIP = NO;
				DEBUG_INFORMATION_FORMAT = "dwarf-with-dsym";
				ENABLE_NS_ASSERTIONS = NO;
				ENABLE_STRICT_OBJC_MSGSEND = YES;
				GCC_C_LANGUAGE_STANDARD = gnu11;
				GCC_NO_COMMON_BLOCKS = YES;
				GCC_WARN_64_TO_32_BIT_CONVERSION = YES;
				GCC_WARN_ABOUT_RETURN_TYPE = YES_ERROR;
				GCC_WARN_UNDECLARED_SELECTOR = YES;
				GCC_WARN_UNINITIALIZED_AUTOS = YES_AGGRESSIVE;
				GCC_WARN_UNUSED_FUNCTION = YES;
				GCC_WARN_UNUSED_VARIABLE = YES;
				IPHONEOS_DEPLOYMENT_TARGET = 12.0;
				MTL_ENABLE_DEBUG_INFO = NO;
				MTL_FAST_MATH = YES;
				SDKROOT = iphoneos;
				SWIFT_COMPILATION_MODE = wholemodule;
				SWIFT_OPTIMIZATION_LEVEL = "-O";
				VALIDATE_PRODUCT = YES;
			};
			name = Release;
		};
		50A2FFA827BAE513006A437C /* Debug */ = {
			isa = XCBuildConfiguration;
			buildSettings = {
				ASSETCATALOG_COMPILER_APPICON_NAME = AppIcon;
				ASSETCATALOG_COMPILER_GLOBAL_ACCENT_COLOR_NAME = AccentColor;
				CODE_SIGN_STYLE = Automatic;
				CURRENT_PROJECT_VERSION = 1;
				DEVELOPMENT_TEAM = 7M366N87RZ;
				GENERATE_INFOPLIST_FILE = YES;
				INFOPLIST_FILE = Navigation1.3/Info.plist;
				INFOPLIST_KEY_UIApplicationSupportsIndirectInputEvents = YES;
				INFOPLIST_KEY_UILaunchStoryboardName = LaunchScreen;
				INFOPLIST_KEY_UISupportedInterfaceOrientations_iPad = "UIInterfaceOrientationPortrait UIInterfaceOrientationPortraitUpsideDown UIInterfaceOrientationLandscapeLeft UIInterfaceOrientationLandscapeRight";
				INFOPLIST_KEY_UISupportedInterfaceOrientations_iPhone = "UIInterfaceOrientationPortrait UIInterfaceOrientationLandscapeLeft UIInterfaceOrientationLandscapeRight";
				LD_RUNPATH_SEARCH_PATHS = (
					"$(inherited)",
					"@executable_path/Frameworks",
				);
				MARKETING_VERSION = 1.0;
				PRODUCT_BUNDLE_IDENTIFIER = "homeqwerty.Navigation1-3";
				PRODUCT_NAME = "$(TARGET_NAME)";
				SWIFT_EMIT_LOC_STRINGS = YES;
				SWIFT_VERSION = 5.0;
				TARGETED_DEVICE_FAMILY = 1;
			};
			name = Debug;
		};
		50A2FFA927BAE513006A437C /* Release */ = {
			isa = XCBuildConfiguration;
			buildSettings = {
				ASSETCATALOG_COMPILER_APPICON_NAME = AppIcon;
				ASSETCATALOG_COMPILER_GLOBAL_ACCENT_COLOR_NAME = AccentColor;
				CODE_SIGN_STYLE = Automatic;
				CURRENT_PROJECT_VERSION = 1;
				DEVELOPMENT_TEAM = 7M366N87RZ;
				GENERATE_INFOPLIST_FILE = YES;
				INFOPLIST_FILE = Navigation1.3/Info.plist;
				INFOPLIST_KEY_UIApplicationSupportsIndirectInputEvents = YES;
				INFOPLIST_KEY_UILaunchStoryboardName = LaunchScreen;
				INFOPLIST_KEY_UISupportedInterfaceOrientations_iPad = "UIInterfaceOrientationPortrait UIInterfaceOrientationPortraitUpsideDown UIInterfaceOrientationLandscapeLeft UIInterfaceOrientationLandscapeRight";
				INFOPLIST_KEY_UISupportedInterfaceOrientations_iPhone = "UIInterfaceOrientationPortrait UIInterfaceOrientationLandscapeLeft UIInterfaceOrientationLandscapeRight";
				LD_RUNPATH_SEARCH_PATHS = (
					"$(inherited)",
					"@executable_path/Frameworks",
				);
				MARKETING_VERSION = 1.0;
				PRODUCT_BUNDLE_IDENTIFIER = "homeqwerty.Navigation1-3";
				PRODUCT_NAME = "$(TARGET_NAME)";
				SWIFT_EMIT_LOC_STRINGS = YES;
				SWIFT_VERSION = 5.0;
				TARGETED_DEVICE_FAMILY = 1;
			};
			name = Release;
		};
/* End XCBuildConfiguration section */

/* Begin XCConfigurationList section */
		50A2FF8E27BAE50D006A437C /* Build configuration list for PBXProject "Navigation1.3" */ = {
			isa = XCConfigurationList;
			buildConfigurations = (
				50A2FFA527BAE513006A437C /* Debug */,
				50A2FFA627BAE513006A437C /* Release */,
			);
			defaultConfigurationIsVisible = 0;
			defaultConfigurationName = Release;
		};
		50A2FFA727BAE513006A437C /* Build configuration list for PBXNativeTarget "Navigation1.3" */ = {
			isa = XCConfigurationList;
			buildConfigurations = (
				50A2FFA827BAE513006A437C /* Debug */,
				50A2FFA927BAE513006A437C /* Release */,
			);
			defaultConfigurationIsVisible = 0;
			defaultConfigurationName = Release;
		};
/* End XCConfigurationList section */
	};
	rootObject = 50A2FF8B27BAE50D006A437C /* Project object */;
}
